
Microsoft Visual Studio Solution File, Format Version 12.00
# Visual Studio Version 17
VisualStudioVersion = 17.4.33213.308
MinimumVisualStudioVersion = 10.0.40219.1
Project("{FAE04EC0-301F-11D3-BF4B-00C04F79EFBC}") = "SkylineVCloth", "SkylineVCloth\SkylineVCloth.csproj", "{5F809A04-9661-4FD0-99B1-E73DC4320ABB}"
EndProject
Global
	GlobalSection(SolutionConfigurationPlatforms) = preSolution
		Debug|Any CPU = Debug|Any CPU
		Release|Any CPU = Release|Any CPU
	EndGlobalSection
	GlobalSection(ProjectConfigurationPlatforms) = postSolution
		{5F809A04-9661-4FD0-99B1-E73DC4320ABB}.Debug|Any CPU.ActiveCfg = Debug|Any CPU
		{5F809A04-9661-4FD0-99B1-E73DC4320ABB}.Debug|Any CPU.Build.0 = Debug|Any CPU
		{5F809A04-9661-4FD0-99B1-E73DC4320ABB}.Release|Any CPU.ActiveCfg = Release|Any CPU
		{5F809A04-9661-4FD0-99B1-E73DC4320ABB}.Release|Any CPU.Build.0 = Release|Any CPU
	EndGlobalSection
	GlobalSection(SolutionProperties) = preSolution
		HideSolutionNode = FALSE
	EndGlobalSection
	GlobalSection(ExtensibilityGlobals) = postSolution
		SolutionGuid = {339C76CA-B476-4D03-850D-77490AFDCFE6}
	EndGlobalSection
EndGlobal
